
Microsoft Visual Studio Solution File, Format Version 12.00
# Visual Studio Version 17
VisualStudioVersion = 17.2.32526.322
MinimumVisualStudioVersion = 10.0.40219.1
Project("{FAE04EC0-301F-11D3-BF4B-00C04F79EFBC}") = "13GIT", "ConsoleApp1\13GIT.csproj", "{67D8C055-EAA7-4035-ADDF-FEBF92AE6D1D}"
EndProject
Project("{FAE04EC0-301F-11D3-BF4B-00C04F79EFBC}") = "Uzemanyag", "Uzemanyag\Uzemanyag.csproj", "{14FEA893-37E7-4B18-8BF4-E1919641834E}"
EndProject
Global
	GlobalSection(SolutionConfigurationPlatforms) = preSolution
		Debug|Any CPU = Debug|Any CPU
		Release|Any CPU = Release|Any CPU
	EndGlobalSection
	GlobalSection(ProjectConfigurationPlatforms) = postSolution
		{67D8C055-EAA7-4035-ADDF-FEBF92AE6D1D}.Debug|Any CPU.ActiveCfg = Debug|Any CPU
		{67D8C055-EAA7-4035-ADDF-FEBF92AE6D1D}.Debug|Any CPU.Build.0 = Debug|Any CPU
		{67D8C055-EAA7-4035-ADDF-FEBF92AE6D1D}.Release|Any CPU.ActiveCfg = Release|Any CPU
		{67D8C055-EAA7-4035-ADDF-FEBF92AE6D1D}.Release|Any CPU.Build.0 = Release|Any CPU
		{14FEA893-37E7-4B18-8BF4-E1919641834E}.Debug|Any CPU.ActiveCfg = Debug|Any CPU
		{14FEA893-37E7-4B18-8BF4-E1919641834E}.Debug|Any CPU.Build.0 = Debug|Any CPU
		{14FEA893-37E7-4B18-8BF4-E1919641834E}.Release|Any CPU.ActiveCfg = Release|Any CPU
		{14FEA893-37E7-4B18-8BF4-E1919641834E}.Release|Any CPU.Build.0 = Release|Any CPU
	EndGlobalSection
	GlobalSection(SolutionProperties) = preSolution
		HideSolutionNode = FALSE
	EndGlobalSection
	GlobalSection(ExtensibilityGlobals) = postSolution
		SolutionGuid = {B34BF423-637C-4CA4-9144-0838C3D144F2}
	EndGlobalSection
EndGlobal
